// !$*UTF8*$!
{
	archiveVersion = 1;
	classes = {
	};
	objectVersion = 46;
	objects = {

/* Begin PBXBuildFile section */
		D1F88F871E8003C300B99337 /* AppDelegate.swift in Sources */ = {isa = PBXBuildFile; fileRef = D1F88F861E8003C300B99337 /* AppDelegate.swift */; };
		D1F88F891E8003C300B99337 /* ViewController.swift in Sources */ = {isa = PBXBuildFile; fileRef = D1F88F881E8003C300B99337 /* ViewController.swift */; };
		D1F88F8C1E8003C300B99337 /* Main.storyboard in Resources */ = {isa = PBXBuildFile; fileRef = D1F88F8A1E8003C300B99337 /* Main.storyboard */; };
		D1F88F8E1E8003C300B99337 /* Assets.xcassets in Resources */ = {isa = PBXBuildFile; fileRef = D1F88F8D1E8003C300B99337 /* Assets.xcassets */; };
		D1F88F911E8003C300B99337 /* LaunchScreen.storyboard in Resources */ = {isa = PBXBuildFile; fileRef = D1F88F8F1E8003C300B99337 /* LaunchScreen.storyboard */; };
		D1F88F991E8087D400B99337 /* TimeBrainModel.swift in Sources */ = {isa = PBXBuildFile; fileRef = D1F88F981E8087D400B99337 /* TimeBrainModel.swift */; };
/* End PBXBuildFile section */

/* Begin PBXFileReference section */
		D1F88F831E8003C300B99337 /* CurrentDateAndTime.app */ = {isa = PBXFileReference; explicitFileType = wrapper.application; includeInIndex = 0; path = CurrentDateAndTime.app; sourceTree = BUILT_PRODUCTS_DIR; };
		D1F88F861E8003C300B99337 /* AppDelegate.swift */ = {isa = PBXFileReference; lastKnownFileType = sourcecode.swift; path = AppDelegate.swift; sourceTree = "<group>"; };
		D1F88F881E8003C300B99337 /* ViewController.swift */ = {isa = PBXFileReference; lastKnownFileType = sourcecode.swift; path = ViewController.swift; sourceTree = "<group>"; };
		D1F88F8B1E8003C300B99337 /* Base */ = {isa = PBXFileReference; lastKnownFileType = file.storyboard; name = Base; path = Base.lproj/Main.storyboard; sourceTree = "<group>"; };
		D1F88F8D1E8003C300B99337 /* Assets.xcassets */ = {isa = PBXFileReference; lastKnownFileType = folder.assetcatalog; path = Assets.xcassets; sourceTree = "<group>"; };
		D1F88F901E8003C300B99337 /* Base */ = {isa = PBXFileReference; lastKnownFileType = file.storyboard; name = Base; path = Base.lproj/LaunchScreen.storyboard; sourceTree = "<group>"; };
		D1F88F921E8003C300B99337 /* Info.plist */ = {isa = PBXFileReference; lastKnownFileType = text.plist.xml; path = Info.plist; sourceTree = "<group>"; };
		D1F88F981E8087D400B99337 /* TimeBrainModel.swift */ = {isa = PBXFileReference; fileEncoding = 4; lastKnownFileType = sourcecode.swift; path = TimeBrainModel.swift; sourceTree = "<group>"; };
/* End PBXFileReference section */

/* Begin PBXFrameworksBuildPhase section */
		D1F88F801E8003C300B99337 /* Frameworks */ = {
			isa = PBXFrameworksBuildPhase;
			buildActionMask = 2147483647;
			files = (
			);
			runOnlyForDeploymentPostprocessing = 0;
		};
/* End PBXFrameworksBuildPhase section */

/* Begin PBXGroup section */
		D1F88F7A1E8003C300B99337 = {
			isa = PBXGroup;
			children = (
				D1F88F851E8003C300B99337 /* CurrentDateAndTime */,
				D1F88F841E8003C300B99337 /* Products */,
			);
			sourceTree = "<group>";
		};
		D1F88F841E8003C300B99337 /* Products */ = {
			isa = PBXGroup;
			children = (
				D1F88F831E8003C300B99337 /* CurrentDateAndTime.app */,
			);
			name = Products;
			sourceTree = "<group>";
		};
		D1F88F851E8003C300B99337 /* CurrentDateAndTime */ = {
			isa = PBXGroup;
			children = (
				D1F88F861E8003C300B99337 /* AppDelegate.swift */,
				D1F88F881E8003C300B99337 /* ViewController.swift */,
				D1F88F8A1E8003C300B99337 /* Main.storyboard */,
				D1F88F8D1E8003C300B99337 /* Assets.xcassets */,
				D1F88F8F1E8003C300B99337 /* LaunchScreen.storyboard */,
				D1F88F921E8003C300B99337 /* Info.plist */,
				D1F88F981E8087D400B99337 /* TimeBrainModel.swift */,
			);
			path = CurrentDateAndTime;
			sourceTree = "<group>";
		};
/* End PBXGroup section */

/* Begin PBXNativeTarget section */
		D1F88F821E8003C300B99337 /* CurrentDateAndTime */ = {
			isa = PBXNativeTarget;
			buildConfigurationList = D1F88F951E8003C300B99337 /* Build configuration list for PBXNativeTarget "CurrentDateAndTime" */;
			buildPhases = (
				D1F88F7F1E8003C300B99337 /* Sources */,
				D1F88F801E8003C300B99337 /* Frameworks */,
				D1F88F811E8003C300B99337 /* Resources */,
			);
			buildRules = (
			);
			dependencies = (
			);
			name = CurrentDateAndTime;
			productName = CurrentDateAndTime;
			productReference = D1F88F831E8003C300B99337 /* CurrentDateAndTime.app */;
			productType = "com.apple.product-type.application";
		};
/* End PBXNativeTarget section */

/* Begin PBXProject section */
		D1F88F7B1E8003C300B99337 /* Project object */ = {
			isa = PBXProject;
			attributes = {
				LastSwiftUpdateCheck = 0820;
				LastUpgradeCheck = 0820;
				ORGANIZATIONNAME = "Reid Cooper";
				TargetAttributes = {
					D1F88F821E8003C300B99337 = {
						CreatedOnToolsVersion = 8.2.1;
						ProvisioningStyle = Automatic;
					};
				};
			};
			buildConfigurationList = D1F88F7E1E8003C300B99337 /* Build configuration list for PBXProject "CurrentDateAndTime" */;
			compatibilityVersion = "Xcode 3.2";
			developmentRegion = English;
			hasScannedForEncodings = 0;
			knownRegions = (
				en,
				Base,
			);
			mainGroup = D1F88F7A1E8003C300B99337;
			productRefGroup = D1F88F841E8003C300B99337 /* Products */;
			projectDirPath = "";
			projectRoot = "";
			targets = (
				D1F88F821E8003C300B99337 /* CurrentDateAndTime */,
			);
		};
/* End PBXProject section */

/* Begin PBXResourcesBuildPhase section */
		D1F88F811E8003C300B99337 /* Resources */ = {
			isa = PBXResourcesBuildPhase;
			buildActionMask = 2147483647;
			files = (
				D1F88F911E8003C300B99337 /* LaunchScreen.storyboard in Resources */,
				D1F88F8E1E8003C300B99337 /* Assets.xcassets in Resources */,
				D1F88F8C1E8003C300B99337 /* Main.storyboard in Resources */,
			);
			runOnlyForDeploymentPostprocessing = 0;
		};
/* End PBXResourcesBuildPhase section */

/* Begin PBXSourcesBuildPhase section */
		D1F88F7F1E8003C300B99337 /* Sources */ = {
			isa = PBXSourcesBuildPhase;
			buildActionMask = 2147483647;
			files = (
				D1F88F991E8087D400B99337 /* TimeBrainModel.swift in Sources */,
				D1F88F891E8003C300B99337 /* ViewController.swift in Sources */,
				D1F88F871E8003C300B99337 /* AppDelegate.swift in Sources */,
			);
			runOnlyForDeploymentPostprocessing = 0;
		};
/* End PBXSourcesBuildPhase section */

/* Begin PBXVariantGroup section */
		D1F88F8A1E8003C300B99337 /* Main.storyboard */ = {
			isa = PBXVariantGroup;
			children = (
				D1F88F8B1E8003C300B99337 /* Base */,
			);
			name = Main.storyboard;
			sourceTree = "<group>";
		};
		D1F88F8F1E8003C300B99337 /* LaunchScreen.storyboard */ = {
			isa = PBXVariantGroup;
			children = (
				D1F88F901E8003C300B99337 /* Base */,
			);
			name = LaunchScreen.storyboard;
			sourceTree = "<group>";
		};
/* End PBXVariantGroup section */

/* Begin XCBuildConfiguration section */
		D1F88F931E8003C300B99337 /* Debug */ = {
			isa = XCBuildConfiguration;
			buildSettings = {
				ALWAYS_SEARCH_USER_PATHS = NO;
				CLANG_ANALYZER_NONNULL = YES;
				CLANG_CXX_LANGUAGE_STANDARD = "gnu++0x";
				CLANG_CXX_LIBRARY = "libc++";
				CLANG_ENABLE_MODULES = YES;
				CLANG_ENABLE_OBJC_ARC = YES;
				CLANG_WARN_BOOL_CONVERSION = YES;
				CLANG_WARN_CONSTANT_CONVERSION = YES;
				CLANG_WARN_DIRECT_OBJC_ISA_USAGE = YES_ERROR;
				CLANG_WARN_DOCUMENTATION_COMMENTS = YES;
				CLANG_WARN_EMPTY_BODY = YES;
				CLANG_WARN_ENUM_CONVERSION = YES;
				CLANG_WARN_INFINITE_RECURSION = YES;
				CLANG_WARN_INT_CONVERSION = YES;
				CLANG_WARN_OBJC_ROOT_CLASS = YES_ERROR;
				CLANG_WARN_SUSPICIOUS_MOVE = YES;
				CLANG_WARN_UNREACHABLE_CODE = YES;
				CLANG_WARN__DUPLICATE_METHOD_MATCH = YES;
				"CODE_SIGN_IDENTITY[sdk=iphoneos*]" = "iPhone Developer";
				COPY_PHASE_STRIP = NO;
				DEBUG_INFORMATION_FORMAT = dwarf;
				ENABLE_STRICT_OBJC_MSGSEND = YES;
				ENABLE_TESTABILITY = YES;
				GCC_C_LANGUAGE_STANDARD = gnu99;
				GCC_DYNAMIC_NO_PIC = NO;
				GCC_NO_COMMON_BLOCKS = YES;
				GCC_OPTIMIZATION_LEVEL = 0;
				GCC_PREPROCESSOR_DEFINITIONS = (
					"DEBUG=1",
					"$(inherited)",
				);
				GCC_WARN_64_TO_32_BIT_CONVERSION = YES;
				GCC_WARN_ABOUT_RETURN_TYPE = YES_ERROR;
				GCC_WARN_UNDECLARED_SELECTOR = YES;
				GCC_WARN_UNINITIALIZED_AUTOS = YES_AGGRESSIVE;
				GCC_WARN_UNUSED_FUNCTION = YES;
				GCC_WARN_UNUSED_VARIABLE = YES;
				IPHONEOS_DEPLOYMENT_TARGET = 10.2;
				MTL_ENABLE_DEBUG_INFO = YES;
				ONLY_ACTIVE_ARCH = YES;
				SDKROOT = iphoneos;
				SWIFT_ACTIVE_COMPILATION_CONDITIONS = DEBUG;
				SWIFT_OPTIMIZATION_LEVEL = "-Onone";
			};
			name = Debug;
		};
		D1F88F941E8003C300B99337 /* Release */ = {
			isa = XCBuildConfiguration;
			buildSettings = {
				ALWAYS_SEARCH_USER_PATHS = NO;
				CLANG_ANALYZER_NONNULL = YES;
				CLANG_CXX_LANGUAGE_STANDARD = "gnu++0x";
				CLANG_CXX_LIBRARY = "libc++";
				CLANG_ENABLE_MODULES = YES;
				CLANG_ENABLE_OBJC_ARC = YES;
				CLANG_WARN_BOOL_CONVERSION = YES;
				CLANG_WARN_CONSTANT_CONVERSION = YES;
				CLANG_WARN_DIRECT_OBJC_ISA_USAGE = YES_ERROR;
				CLANG_WARN_DOCUMENTATION_COMMENTS = YES;
				CLANG_WARN_EMPTY_BODY = YES;
				CLANG_WARN_ENUM_CONVERSION = YES;
				CLANG_WARN_INFINITE_RECURSION = YES;
				CLANG_WARN_INT_CONVERSION = YES;
				CLANG_WARN_OBJC_ROOT_CLASS = YES_ERROR;
				CLANG_WARN_SUSPICIOUS_MOVE = YES;
				CLANG_WARN_UNREACHABLE_CODE = YES;
				CLANG_WARN__DUPLICATE_METHOD_MATCH = YES;
				"CODE_SIGN_IDENTITY[sdk=iphoneos*]" = "iPhone Developer";
				COPY_PHASE_STRIP = NO;
				DEBUG_INFORMATION_FORMAT = "dwarf-with-dsym";
				ENABLE_NS_ASSERTIONS = NO;
				ENABLE_STRICT_OBJC_MSGSEND = YES;
				GCC_C_LANGUAGE_STANDARD = gnu99;
				GCC_NO_COMMON_BLOCKS = YES;
				GCC_WARN_64_TO_32_BIT_CONVERSION = YES;
				GCC_WARN_ABOUT_RETURN_TYPE = YES_ERROR;
				GCC_WARN_UNDECLARED_SELECTOR = YES;
				GCC_WARN_UNINITIALIZED_AUTOS = YES_AGGRESSIVE;
				GCC_WARN_UNUSED_FUNCTION = YES;
				GCC_WARN_UNUSED_VARIABLE = YES;
				IPHONEOS_DEPLOYMENT_TARGET = 10.2;
				MTL_ENABLE_DEBUG_INFO = NO;
				SDKROOT = iphoneos;
				SWIFT_OPTIMIZATION_LEVEL = "-Owholemodule";
				VALIDATE_PRODUCT = YES;
			};
			name = Release;
		};
		D1F88F961E8003C300B99337 /* Debug */ = {
			isa = XCBuildConfiguration;
			buildSettings = {
				ASSETCATALOG_COMPILER_APPICON_NAME = AppIcon;
				INFOPLIST_FILE = CurrentDateAndTime/Info.plist;
				LD_RUNPATH_SEARCH_PATHS = "$(inherited) @executable_path/Frameworks";
				PRODUCT_BUNDLE_IDENTIFIER = com.bombasticblastinbeats.CurrentDateAndTime;
				PRODUCT_NAME = "$(TARGET_NAME)";
				SWIFT_VERSION = 3.0;
			};
			name = Debug;
		};
		D1F88F971E8003C300B99337 /* Release */ = {
			isa = XCBuildConfiguration;
			buildSettings = {
				ASSETCATALOG_COMPILER_APPICON_NAME = AppIcon;
				INFOPLIST_FILE = CurrentDateAndTime/Info.plist;
				LD_RUNPATH_SEARCH_PATHS = "$(inherited) @executable_path/Frameworks";
				PRODUCT_BUNDLE_IDENTIFIER = com.bombasticblastinbeats.CurrentDateAndTime;
				PRODUCT_NAME = "$(TARGET_NAME)";
				SWIFT_VERSION = 3.0;
			};
			name = Release;
		};
/* End XCBuildConfiguration section */

/* Begin XCConfigurationList section */
		D1F88F7E1E8003C300B99337 /* Build configuration list for PBXProject "CurrentDateAndTime" */ = {
			isa = XCConfigurationList;
			buildConfigurations = (
				D1F88F931E8003C300B99337 /* Debug */,
				D1F88F941E8003C300B99337 /* Release */,
			);
			defaultConfigurationIsVisible = 0;
			defaultConfigurationName = Release;
		};
		D1F88F951E8003C300B99337 /* Build configuration list for PBXNativeTarget "CurrentDateAndTime" */ = {
			isa = XCConfigurationList;
			buildConfigurations = (
				D1F88F961E8003C300B99337 /* Debug */,
				D1F88F971E8003C300B99337 /* Release */,
			);
			defaultConfigurationIsVisible = 0;
		};
/* End XCConfigurationList section */
	};
	rootObject = D1F88F7B1E8003C300B99337 /* Project object */;
}
